{
  "name": "pttk",
  "version": "1.0.0",
  "lockfileVersion": 3,
  "requires": true,
  "packages": {
    "": {
      "name": "pttk",
      "version": "1.0.0",
      "license": "ISC",
      "dependencies": {
        "concurrently": "^9.0.1",
        "phone-number-generator-js": "^1.2.12",
        "random-email": "^1.0.3",
        "uuid": "^11.0.2"
      }
    },
    "node_modules/@types/validator": {
      "version": "13.12.2",
      "resolved": "https://registry.npmjs.org/@types/validator/-/validator-13.12.2.tgz",
      "integrity": "sha512-6SlHBzUW8Jhf3liqrGGXyTJSIFe4nqlJ5A5KaMZ2l/vbM3Wh3KSybots/wfWVzNLK4D1NZluDlSQIbIEPx6oyA==",
      "license": "MIT"
    },
    "node_modules/ansi-regex": {
      "version": "5.0.1",
      "resolved": "https://registry.npmjs.org/ansi-regex/-/ansi-regex-5.0.1.tgz",
      "integrity": "sha512-quJQXlTSUGL2LH9SUXo8VwsY4soanhgo6LNSm84E1LBcE8s3O0wpdiRzyR9z/ZZJMlMWv37qOOb9pdJlMUEKFQ==",
      "license": "MIT",
      "engines": {
        "node": ">=8"
      }
    },
    "node_modules/ansi-styles": {
      "version": "4.3.0",
      "resolved": "https://registry.npmjs.org/ansi-styles/-/ansi-styles-4.3.0.tgz",
      "integrity": "sha512-zbB9rCJAT1rbjiVDb2hqKFHNYLxgtk8NURxZ3IZwD3F6NtxbXZQCnnSi1Lkx+IDohdPlFp222wVALIheZJQSEg==",
      "license": "MIT",
      "dependencies": {
        "color-convert": "^2.0.1"
      },
      "engines": {
        "node": ">=8"
      },
      "funding": {
        "url": "https://github.com/chalk/ansi-styles?sponsor=1"
      }
    },
    "node_modules/chalk": {
      "version": "4.1.2",
      "resolved": "https://registry.npmjs.org/chalk/-/chalk-4.1.2.tgz",
      "integrity": "sha512-oKnbhFyRIXpUuez8iBMmyEa4nbj4IOQyuhc/wy9kY7/WVPcwIO9VA668Pu8RkO7+0G76SLROeyw9CpQ061i4mA==",
      "license": "MIT",
      "dependencies": {
        "ansi-styles": "^4.1.0",
        "supports-color": "^7.1.0"
      },
      "engines": {
        "node": ">=10"
      },
      "funding": {
        "url": "https://github.com/chalk/chalk?sponsor=1"
      }
    },
    "node_modules/chalk/node_modules/supports-color": {
      "version": "7.2.0",
      "resolved": "https://registry.npmjs.org/supports-color/-/supports-color-7.2.0.tgz",
      "integrity": "sha512-qpCAvRl9stuOHveKsn7HncJRvv501qIacKzQlO/+Lwxc9+0q2wLyv4Dfvt80/DPn2pqOBsJdDiogXGR9+OvwRw==",
      "license": "MIT",
      "dependencies": {
        "has-flag": "^4.0.0"
      },
      "engines": {
        "node": ">=8"
      }
    },
    "node_modules/clamp": {
      "version": "1.0.1",
      "resolved": "https://registry.npmjs.org/clamp/-/clamp-1.0.1.tgz",
      "integrity": "sha512-kgMuFyE78OC6Dyu3Dy7vcx4uy97EIbVxJB/B0eJ3bUNAkwdNcxYzgKltnyADiYwsR7SEqkkUPsEUT//OVS6XMA==",
      "license": "MIT"
    },
    "node_modules/class-validator": {
      "version": "0.14.1",
      "resolved": "https://registry.npmjs.org/class-validator/-/class-validator-0.14.1.tgz",
      "integrity": "sha512-2VEG9JICxIqTpoK1eMzZqaV+u/EiwEJkMGzTrZf6sU/fwsnOITVgYJ8yojSy6CaXtO9V0Cc6ZQZ8h8m4UBuLwQ==",
      "license": "MIT",
      "dependencies": {
        "@types/validator": "^13.11.8",
        "libphonenumber-js": "^1.10.53",
        "validator": "^13.9.0"
      }
    },
    "node_modules/class-validator/node_modules/libphonenumber-js": {
      "version": "1.11.12",
      "resolved": "https://registry.npmjs.org/libphonenumber-js/-/libphonenumber-js-1.11.12.tgz",
      "integrity": "sha512-QkJn9/D7zZ1ucvT++TQSvZuSA2xAWeUytU+DiEQwbPKLyrDpvbul2AFs1CGbRAPpSCCk47aRAb5DX5mmcayp4g==",
      "license": "MIT"
    },
    "node_modules/cliui": {
      "version": "8.0.1",
      "resolved": "https://registry.npmjs.org/cliui/-/cliui-8.0.1.tgz",
      "integrity": "sha512-BSeNnyus75C4//NQ9gQt1/csTXyo/8Sb+afLAkzAptFuMsod9HFokGNudZpi/oQV73hnVK+sR+5PVRMd+Dr7YQ==",
      "license": "ISC",
      "dependencies": {
        "string-width": "^4.2.0",
        "strip-ansi": "^6.0.1",
        "wrap-ansi": "^7.0.0"
      },
      "engines": {
        "node": ">=12"
      }
    },
    "node_modules/color-convert": {
      "version": "2.0.1",
      "resolved": "https://registry.npmjs.org/color-convert/-/color-convert-2.0.1.tgz",
      "integrity": "sha512-RRECPsj7iu/xb5oKYcsFHSppFNnsj/52OVTRKb4zP5onXwVF3zVmmToNcOfGC+CRDpfK/U584fMg38ZHCaElKQ==",
      "license": "MIT",
      "dependencies": {
        "color-name": "~1.1.4"
      },
      "engines": {
        "node": ">=7.0.0"
      }
    },
    "node_modules/color-name": {
      "version": "1.1.4",
      "resolved": "https://registry.npmjs.org/color-name/-/color-name-1.1.4.tgz",
      "integrity": "sha512-dOy+3AuW3a2wNbZHIuMZpTcgjGuLU/uBL/ubcZF9OXbDo8ff4O8yVp5Bf0efS8uEoYo5q4Fx7dY9OgQGXgAsQA==",
      "license": "MIT"
    },
    "node_modules/concurrently": {
      "version": "9.0.1",
      "resolved": "https://registry.npmjs.org/concurrently/-/concurrently-9.0.1.tgz",
      "integrity": "sha512-wYKvCd/f54sTXJMSfV6Ln/B8UrfLBKOYa+lzc6CHay3Qek+LorVSBdMVfyewFhRbH0Rbabsk4D+3PL/VjQ5gzg==",
      "license": "MIT",
      "dependencies": {
        "chalk": "^4.1.2",
        "lodash": "^4.17.21",
        "rxjs": "^7.8.1",
        "shell-quote": "^1.8.1",
        "supports-color": "^8.1.1",
        "tree-kill": "^1.2.2",
        "yargs": "^17.7.2"
      },
      "bin": {
        "conc": "dist/bin/concurrently.js",
        "concurrently": "dist/bin/concurrently.js"
      },
      "engines": {
        "node": ">=18"
      },
      "funding": {
        "url": "https://github.com/open-cli-tools/concurrently?sponsor=1"
      }
    },
    "node_modules/emoji-regex": {
      "version": "8.0.0",
      "resolved": "https://registry.npmjs.org/emoji-regex/-/emoji-regex-8.0.0.tgz",
      "integrity": "sha512-MSjYzcWNOA0ewAHpz0MxpYFvwg6yjy1NG3xteoqz644VCo/RPgnr1/GGt+ic3iJTzQ8Eu3TdM14SawnVUmGE6A==",
      "license": "MIT"
    },
    "node_modules/escalade": {
      "version": "3.2.0",
      "resolved": "https://registry.npmjs.org/escalade/-/escalade-3.2.0.tgz",
      "integrity": "sha512-WUj2qlxaQtO4g6Pq5c29GTcWGDyd8itL8zTlipgECz3JesAiiOKotd8JU6otB3PACgG6xkJUyVhboMS+bje/jA==",
      "license": "MIT",
      "engines": {
        "node": ">=6"
      }
    },
    "node_modules/get-caller-file": {
      "version": "2.0.5",
      "resolved": "https://registry.npmjs.org/get-caller-file/-/get-caller-file-2.0.5.tgz",
      "integrity": "sha512-DyFP3BM/3YHTQOCUL/w0OZHR0lpKeGrxotcHWcqNEdnltqFwXVfhEBQ94eIo34AfQpo0rGki4cyIiftY06h2Fg==",
      "license": "ISC",
      "engines": {
        "node": "6.* || 8.* || >= 10.*"
      }
    },
    "node_modules/has-flag": {
      "version": "4.0.0",
      "resolved": "https://registry.npmjs.org/has-flag/-/has-flag-4.0.0.tgz",
      "integrity": "sha512-EykJT/Q1KjTWctppgIAgfSO0tKVuZUjhgMr17kqTumMl6Afv3EISleU7qZUzoXDFTAHTDC4NOoG/ZxU3EvlMPQ==",
      "license": "MIT",
      "engines": {
        "node": ">=8"
      }
    },
    "node_modules/has-symbols": {
      "version": "1.0.3",
      "resolved": "https://registry.npmjs.org/has-symbols/-/has-symbols-1.0.3.tgz",
      "integrity": "sha512-l3LCuF6MgDNwTDKkdYGEihYjt5pRPbEg46rtlmnSPlUbgmB8LOIrKJbYYFBSbnPaJexMKtiPO8hmeRjRz2Td+A==",
      "license": "MIT",
      "engines": {
        "node": ">= 0.4"
      },
      "funding": {
        "url": "https://github.com/sponsors/ljharb"
      }
    },
    "node_modules/is-array": {
      "version": "1.0.1",
      "resolved": "https://registry.npmjs.org/is-array/-/is-array-1.0.1.tgz",
      "integrity": "sha512-gxiZ+y/u67AzpeFmAmo4CbtME/bs7J2C++su5zQzvQyaxUqVzkh69DI+jN+KZuSO6JaH6TIIU6M6LhqxMjxEpw==",
      "license": "MIT"
    },
    "node_modules/is-array-like": {
      "version": "1.1.2",
      "resolved": "https://registry.npmjs.org/is-array-like/-/is-array-like-1.1.2.tgz",
      "integrity": "sha512-ENI9ZKpn3AXM4JiWKZ31cgwl0Dc3Mj7HCLCq60qngozG7EFRDNCMiCAURaD5wwRnehkP63Ge6Z7hoIg23OMzMw==",
      "license": "MIT",
      "dependencies": {
        "is-array": "^1.0.1",
        "is-function": "^1.0.1",
        "is-window": "^1.0.1"
      }
    },
    "node_modules/is-fullwidth-code-point": {
      "version": "3.0.0",
      "resolved": "https://registry.npmjs.org/is-fullwidth-code-point/-/is-fullwidth-code-point-3.0.0.tgz",
      "integrity": "sha512-zymm5+u+sCsSWyD9qNaejV3DFvhCKclKdizYaJUuHA83RLjb7nSuGnddCHGv0hk+KY7BMAlsWeK4Ueg6EV6XQg==",
      "license": "MIT",
      "engines": {
        "node": ">=8"
      }
    },
    "node_modules/is-function": {
      "version": "1.0.2",
      "resolved": "https://registry.npmjs.org/is-function/-/is-function-1.0.2.tgz",
      "integrity": "sha512-lw7DUp0aWXYg+CBCN+JKkcE0Q2RayZnSvnZBlwgxHBQhqt5pZNVy4Ri7H9GmmXkdu7LUthszM+Tor1u/2iBcpQ==",
      "license": "MIT"
    },
    "node_modules/is-nil": {
      "version": "1.0.1",
      "resolved": "https://registry.npmjs.org/is-nil/-/is-nil-1.0.1.tgz",
      "integrity": "sha512-m2Rm8PhUFDNNhgvwZJjJG74a9h5CHU0fkA8WT+WGlCjyEbZ2jPwgb+ZxHu4np284EqNVyOsgppReK4qy/TwEwg==",
      "license": "MIT"
    },
    "node_modules/is-object": {
      "version": "1.0.2",
      "resolved": "https://registry.npmjs.org/is-object/-/is-object-1.0.2.tgz",
      "integrity": "sha512-2rRIahhZr2UWb45fIOuvZGpFtz0TyOZLf32KxBbSoUCeZR495zCKlWUKKUByk3geS2eAs7ZAABt0Y/Rx0GiQGA==",
      "license": "MIT",
      "funding": {
        "url": "https://github.com/sponsors/ljharb"
      }
    },
    "node_modules/is-symbol": {
      "version": "1.0.4",
      "resolved": "https://registry.npmjs.org/is-symbol/-/is-symbol-1.0.4.tgz",
      "integrity": "sha512-C/CPBqKWnvdcxqIARxyOh4v1UUEOCHpgDa0WYgpKDFMszcrPcffg5uhwSgPCLD2WWxmq6isisz87tzT01tuGhg==",
      "license": "MIT",
      "dependencies": {
        "has-symbols": "^1.0.2"
      },
      "engines": {
        "node": ">= 0.4"
      },
      "funding": {
        "url": "https://github.com/sponsors/ljharb"
      }
    },
    "node_modules/is-window": {
      "version": "1.0.2",
      "resolved": "https://registry.npmjs.org/is-window/-/is-window-1.0.2.tgz",
      "integrity": "sha512-uj00kdXyZb9t9RcAUAwMZAnkBUwdYGhYlt7djMXhfyhUCzwNba50tIiBKR7q0l7tdoBtFVw/3JmLY6fI3rmZmg==",
      "license": "MIT"
    },
    "node_modules/libphonenumber-js": {
      "version": "1.10.30",
      "resolved": "https://registry.npmjs.org/libphonenumber-js/-/libphonenumber-js-1.10.30.tgz",
      "integrity": "sha512-PLGc+xfrQrkya/YK2/5X+bPpxRmyJBHM+xxz9krUdSgk4Vs2ZwxX5/Ow0lv3r9PDlDtNWb4u+it8MY5rZ0IyGw==",
      "license": "MIT"
    },
    "node_modules/lodash": {
      "version": "4.17.21",
      "resolved": "https://registry.npmjs.org/lodash/-/lodash-4.17.21.tgz",
      "integrity": "sha512-v2kDEe57lecTulaDIuNTPy3Ry4gLGJ6Z1O3vE1krgXZNrsQ+LFTGHVxVjcXPs17LhbZVGedAJv8XZ1tvj5FvSg==",
      "license": "MIT"
    },
    "node_modules/max-array-length": {
      "version": "1.0.0",
      "resolved": "https://registry.npmjs.org/max-array-length/-/max-array-length-1.0.0.tgz",
      "integrity": "sha512-LoN7jKHokSYrSytV/auhMfVNZplvI7olzzoTNW/Zz+UE7bT7mlwJ8uBnQO3biz0aMlu0b31/A7WuN3nT8iCosg==",
      "license": "MIT"
    },
    "node_modules/max-safe-int": {
      "version": "1.0.0",
      "resolved": "https://registry.npmjs.org/max-safe-int/-/max-safe-int-1.0.0.tgz",
      "integrity": "sha512-Rmc9S+xr1IwnktrDAbR4+7Nh9RTzvJ83A1R4WVKPZCwd7Qo5mc/u8qBoC+T4hskmBDByg72vHgHjB1GcLwEEgw==",
      "license": "MIT"
    },
    "node_modules/phone-number-generator-js": {
      "version": "1.2.12",
      "resolved": "https://registry.npmjs.org/phone-number-generator-js/-/phone-number-generator-js-1.2.12.tgz",
      "integrity": "sha512-AtJpQjHFlXqD2ZMZLUlzrNKNTwwyn9gFASeTgfcGqdWUUHsddThKkCbsJ7VyDyj7C2Xo0oce/XOARH8eElas6A==",
      "license": "MIT",
      "dependencies": {
        "class-validator": "0.14.1",
        "libphonenumber-js": "1.10.30",
        "lodash": "4.17.21"
      }
    },
    "node_modules/pick-item": {
      "version": "1.0.4",
      "resolved": "https://registry.npmjs.org/pick-item/-/pick-item-1.0.4.tgz",
      "integrity": "sha512-SKx0hrhizZ2TAyvw8FBhEBQUhuzxPFRBZwSFhYZpxXs6AFOt4x5/hB+vudx10+Ilw3rr3QcF+KlkewkN1BjlPA==",
      "license": "MIT",
      "dependencies": {
        "is-array-like": "^1.1.0",
        "random-index": "^1.0.4"
      }
    },
    "node_modules/random-char": {
      "version": "1.0.4",
      "resolved": "https://registry.npmjs.org/random-char/-/random-char-1.0.4.tgz",
      "integrity": "sha512-kSvxo/8fIAlRJW/FB1dT3LDGADsbS+qD7AxYQJTgNDQ6w3Gumtfu+YphQGXK8ZtxKXO7mR8MqbckpBf8oywcvg==",
      "license": "MIT",
      "dependencies": {
        "is-nil": "^1.0.1",
        "is-object": "^1.0.1",
        "random-natural": "^1.0.3",
        "to-str": "^1.0.0"
      }
    },
    "node_modules/random-domains": {
      "version": "1.0.3",
      "resolved": "https://registry.npmjs.org/random-domains/-/random-domains-1.0.3.tgz",
      "integrity": "sha512-TM9oTUgrPbmxF/AtQZax148cWkK+8MxgImZGI0nBYDAPgtB2oNEM1mLHStj2p7aEtYzTOBxAdkc4hYD7lp/b4w==",
      "license": "MIT",
      "dependencies": {
        "clamp": "^1.0.1",
        "random-lorem": "^1.0.3",
        "random-tld": "^1.0.2",
        "to-length": "^1.0.1",
        "to-str": "^1.0.0"
      }
    },
    "node_modules/random-email": {
      "version": "1.0.3",
      "resolved": "https://registry.npmjs.org/random-email/-/random-email-1.0.3.tgz",
      "integrity": "sha512-Ixv+d8sm8uDLM/YwrBi40z9/ocb8LYl4E8HDgr0YEMVM99Qsx8/DcJBSrtqs6filDcuciJshjuGdEYVR0xYFRQ==",
      "license": "MIT",
      "dependencies": {
        "random-domains": "1.0.3",
        "random-lorem": "^1.0.4",
        "to-str": "^1.0.0"
      }
    },
    "node_modules/random-index": {
      "version": "1.0.4",
      "resolved": "https://registry.npmjs.org/random-index/-/random-index-1.0.4.tgz",
      "integrity": "sha512-CH+/AYc8E+We37g1CtND9G6mbqcYGU+8jDoKYFjXBgAJvSZ9goxWqeI/plx7jlShkULUk8Si8HfNJTJd67BaPg==",
      "license": "MIT",
      "dependencies": {
        "max-array-length": "^1.0.0",
        "random-natural": "^1.0.3"
      }
    },
    "node_modules/random-integral": {
      "version": "1.0.3",
      "resolved": "https://registry.npmjs.org/random-integral/-/random-integral-1.0.3.tgz",
      "integrity": "sha512-MgWqgQqlHWGj5LExW2EoP4EtJty6uGNszlHdMuAox/yLVixpjEQIAyluW2CH9Nrxt0hE7fklFqYM0JFELSWpvw==",
      "license": "MIT",
      "dependencies": {
        "clamp": "^1.0.1",
        "max-safe-int": "^1.0.0",
        "to-integer": "^1.0.1"
      }
    },
    "node_modules/random-lorem": {
      "version": "1.0.4",
      "resolved": "https://registry.npmjs.org/random-lorem/-/random-lorem-1.0.4.tgz",
      "integrity": "sha512-AphHHqlYSjoc0nXOiraL1U24odLkVSKKLSf87U2J/TV8+qCfJZDJ9prGnu9KH0HPZZy/H0c1/Zk6+xrTcPeiGA==",
      "license": "MIT",
      "dependencies": {
        "clamp": "^1.0.1",
        "random-char": "^1.0.4",
        "random-natural": "^1.0.3",
        "random-syllable": "^1.0.1"
      }
    },
    "node_modules/random-natural": {
      "version": "1.0.3",
      "resolved": "https://registry.npmjs.org/random-natural/-/random-natural-1.0.3.tgz",
      "integrity": "sha512-Mw78ZGZ3lKO5K2XUxv4dXQudnBu9oTVHRFutqbfy+thZem41a+hFMD6egzQNHj3Kbee9fM8RGnryHyyip/mmbw==",
      "license": "MIT",
      "dependencies": {
        "max-safe-int": "^1.0.0",
        "random-integral": "^1.0.3"
      }
    },
    "node_modules/random-syllable": {
      "version": "1.0.1",
      "resolved": "https://registry.npmjs.org/random-syllable/-/random-syllable-1.0.1.tgz",
      "integrity": "sha512-X/i6uCPfVD2RklQDblV59zZNvPpXKRC6DGHyS9GNwm0bQ1bAzBA/7Rjp0QumP2v6vlqGfAstKMeDgOnQUg48kA==",
      "license": "MIT",
      "dependencies": {
        "clamp": "^1.0.1",
        "is-object": "^1.0.1",
        "random-char": "^1.0.4",
        "random-natural": "^1.0.3",
        "to-integer": "^1.0.1"
      }
    },
    "node_modules/random-tld": {
      "version": "1.0.2",
      "resolved": "https://registry.npmjs.org/random-tld/-/random-tld-1.0.2.tgz",
      "integrity": "sha512-4oFq9OjRXrin5c0C4QkK47/7BF81zVeHgp0lQeg1Q3k3ZNjRN6kjZY59GY+W2In7ISRy0zf1mpEHopmt2qDdbg==",
      "license": "MIT",
      "dependencies": {
        "pick-item": "^1.0.4",
        "tld-list": "1.0.0"
      }
    },
    "node_modules/require-directory": {
      "version": "2.1.1",
      "resolved": "https://registry.npmjs.org/require-directory/-/require-directory-2.1.1.tgz",
      "integrity": "sha512-fGxEI7+wsG9xrvdjsrlmL22OMTTiHRwAMroiEeMgq8gzoLC/PQr7RsRDSTLUg/bZAZtF+TVIkHc6/4RIKrui+Q==",
      "license": "MIT",
      "engines": {
        "node": ">=0.10.0"
      }
    },
    "node_modules/rxjs": {
      "version": "7.8.1",
      "resolved": "https://registry.npmjs.org/rxjs/-/rxjs-7.8.1.tgz",
      "integrity": "sha512-AA3TVj+0A2iuIoQkWEK/tqFjBq2j+6PO6Y0zJcvzLAFhEFIO3HL0vls9hWLncZbAAbK0mar7oZ4V079I/qPMxg==",
      "license": "Apache-2.0",
      "dependencies": {
        "tslib": "^2.1.0"
      }
    },
    "node_modules/shell-quote": {
      "version": "1.8.1",
      "resolved": "https://registry.npmjs.org/shell-quote/-/shell-quote-1.8.1.tgz",
      "integrity": "sha512-6j1W9l1iAs/4xYBI1SYOVZyFcCis9b4KCLQ8fgAGG07QvzaRLVVRQvAy85yNmmZSjYjg4MWh4gNvlPujU/5LpA==",
      "license": "MIT",
      "funding": {
        "url": "https://github.com/sponsors/ljharb"
      }
    },
    "node_modules/string-width": {
      "version": "4.2.3",
      "resolved": "https://registry.npmjs.org/string-width/-/string-width-4.2.3.tgz",
      "integrity": "sha512-wKyQRQpjJ0sIp62ErSZdGsjMJWsap5oRNihHhu6G7JVO/9jIB6UyevL+tXuOqrng8j/cxKTWyWUwvSTriiZz/g==",
      "license": "MIT",
      "dependencies": {
        "emoji-regex": "^8.0.0",
        "is-fullwidth-code-point": "^3.0.0",
        "strip-ansi": "^6.0.1"
      },
      "engines": {
        "node": ">=8"
      }
    },
    "node_modules/strip-ansi": {
      "version": "6.0.1",
      "resolved": "https://registry.npmjs.org/strip-ansi/-/strip-ansi-6.0.1.tgz",
      "integrity": "sha512-Y38VPSHcqkFrCpFnQ9vuSXmquuv5oXOKpGeT6aGrr3o3Gc9AlVa6JBfUSOCnbxGGZF+/0ooI7KrPuUSztUdU5A==",
      "license": "MIT",
      "dependencies": {
        "ansi-regex": "^5.0.1"
      },
      "engines": {
        "node": ">=8"
      }
    },
    "node_modules/supports-color": {
      "version": "8.1.1",
      "resolved": "https://registry.npmjs.org/supports-color/-/supports-color-8.1.1.tgz",
      "integrity": "sha512-MpUEN2OodtUzxvKQl72cUF7RQ5EiHsGvSsVG0ia9c5RbWGL2CI4C7EpPS8UTBIplnlzZiNuV56w+FuNxy3ty2Q==",
      "license": "MIT",
      "dependencies": {
        "has-flag": "^4.0.0"
      },
      "engines": {
        "node": ">=10"
      },
      "funding": {
        "url": "https://github.com/chalk/supports-color?sponsor=1"
      }
    },
    "node_modules/tld-list": {
      "version": "1.0.0",
      "resolved": "https://registry.npmjs.org/tld-list/-/tld-list-1.0.0.tgz",
      "integrity": "sha512-9bbYrHCEM760GQKvDnfVatQWY/X5Rg870WeQd92XuVPAMsUNFV4dRFAAbVd2uHIDA2bPn1AtVB8XTXwtl6tn0g==",
      "hasInstallScript": true,
      "license": "MIT"
    },
    "node_modules/to-integer": {
      "version": "1.0.1",
      "resolved": "https://registry.npmjs.org/to-integer/-/to-integer-1.0.1.tgz",
      "integrity": "sha512-mv4Nwp8Y28xLp1rdYgnlV4NqYBn23lIitU2fqCtyrLXlwsC6th3Aq37JRe7qfuROMJv66kAZG8V9NR1HIgwOUg==",
      "license": "MIT",
      "dependencies": {
        "is-function": "^1.0.1",
        "is-nil": "^1.0.0",
        "is-object": "^1.0.1",
        "is-symbol": "^1.0.1"
      }
    },
    "node_modules/to-length": {
      "version": "1.0.1",
      "resolved": "https://registry.npmjs.org/to-length/-/to-length-1.0.1.tgz",
      "integrity": "sha512-OAj+hE0FfPzTsGVMD3XwZx8Hyit0Df7x+0psmhfQQrMu//bFtaNShmviA3ENLx6D7o0H487yFIXDdxCGDydwig==",
      "license": "MIT",
      "dependencies": {
        "to-integer": "^1.0.0"
      }
    },
    "node_modules/to-str": {
      "version": "1.0.0",
      "resolved": "https://registry.npmjs.org/to-str/-/to-str-1.0.0.tgz",
      "integrity": "sha512-UETUWfNiPKGvdZ2nAmiTTmv583SivKIHB10J0qQQgfkWvSQXKtPeF+On7pejMaD2rqTIFWgXz25dPyzABAgIHw==",
      "license": "MIT",
      "dependencies": {
        "is-function": "^1.0.1",
        "is-nil": "^1.0.0",
        "is-object": "^1.0.1",
        "is-symbol": "^1.0.1"
      }
    },
    "node_modules/tree-kill": {
      "version": "1.2.2",
      "resolved": "https://registry.npmjs.org/tree-kill/-/tree-kill-1.2.2.tgz",
      "integrity": "sha512-L0Orpi8qGpRG//Nd+H90vFB+3iHnue1zSSGmNOOCh1GLJ7rUKVwV2HvijphGQS2UmhUZewS9VgvxYIdgr+fG1A==",
      "license": "MIT",
      "bin": {
        "tree-kill": "cli.js"
      }
    },
    "node_modules/tslib": {
      "version": "2.8.0",
      "resolved": "https://registry.npmjs.org/tslib/-/tslib-2.8.0.tgz",
      "integrity": "sha512-jWVzBLplnCmoaTr13V9dYbiQ99wvZRd0vNWaDRg+aVYRcjDF3nDksxFDE/+fkXnKhpnUUkmx5pK/v8mCtLVqZA==",
      "license": "0BSD"
    },
    "node_modules/uuid": {
      "version": "11.0.2",
      "resolved": "https://registry.npmjs.org/uuid/-/uuid-11.0.2.tgz",
      "integrity": "sha512-14FfcOJmqdjbBPdDjFQyk/SdT4NySW4eM0zcG+HqbHP5jzuH56xO3J1DGhgs/cEMCfwYi3HQI1gnTO62iaG+tQ==",
      "funding": [
        "https://github.com/sponsors/broofa",
        "https://github.com/sponsors/ctavan"
      ],
      "license": "MIT",
      "bin": {
        "uuid": "dist/esm/bin/uuid"
      }
    },
    "node_modules/validator": {
      "version": "13.12.0",
      "resolved": "https://registry.npmjs.org/validator/-/validator-13.12.0.tgz",
      "integrity": "sha512-c1Q0mCiPlgdTVVVIJIrBuxNicYE+t/7oKeI9MWLj3fh/uq2Pxh/3eeWbVZ4OcGW1TUf53At0njHw5SMdA3tmMg==",
      "license": "MIT",
      "engines": {
        "node": ">= 0.10"
      }
    },
    "node_modules/wrap-ansi": {
      "version": "7.0.0",
      "resolved": "https://registry.npmjs.org/wrap-ansi/-/wrap-ansi-7.0.0.tgz",
      "integrity": "sha512-YVGIj2kamLSTxw6NsZjoBxfSwsn0ycdesmc4p+Q21c5zPuZ1pl+NfxVdxPtdHvmNVOQ6XSYG4AUtyt/Fi7D16Q==",
      "license": "MIT",
      "dependencies": {
        "ansi-styles": "^4.0.0",
        "string-width": "^4.1.0",
        "strip-ansi": "^6.0.0"
      },
      "engines": {
        "node": ">=10"
      },
      "funding": {
        "url": "https://github.com/chalk/wrap-ansi?sponsor=1"
      }
    },
    "node_modules/y18n": {
      "version": "5.0.8",
      "resolved": "https://registry.npmjs.org/y18n/-/y18n-5.0.8.tgz",
      "integrity": "sha512-0pfFzegeDWJHJIAmTLRP2DwHjdF5s7jo9tuztdQxAhINCdvS+3nGINqPd00AphqJR/0LhANUS6/+7SCb98YOfA==",
      "license": "ISC",
      "engines": {
        "node": ">=10"
      }
    },
    "node_modules/yargs": {
      "version": "17.7.2",
      "resolved": "https://registry.npmjs.org/yargs/-/yargs-17.7.2.tgz",
      "integrity": "sha512-7dSzzRQ++CKnNI/krKnYRV7JKKPUXMEh61soaHKg9mrWEhzFWhFnxPxGl+69cD1Ou63C13NUPCnmIcrvqCuM6w==",
      "license": "MIT",
      "dependencies": {
        "cliui": "^8.0.1",
        "escalade": "^3.1.1",
        "get-caller-file": "^2.0.5",
        "require-directory": "^2.1.1",
        "string-width": "^4.2.3",
        "y18n": "^5.0.5",
        "yargs-parser": "^21.1.1"
      },
      "engines": {
        "node": ">=12"
      }
    },
    "node_modules/yargs-parser": {
      "version": "21.1.1",
      "resolved": "https://registry.npmjs.org/yargs-parser/-/yargs-parser-21.1.1.tgz",
      "integrity": "sha512-tVpsJW7DdjecAiFpbIB1e3qxIQsE6NoPc5/eTdrbbIC4h0LVsWhnoa3g+m2HclBIujHzsxZ4VJVA+GUuc2/LBw==",
      "license": "ISC",
      "engines": {
        "node": ">=12"
      }
    }
  }
}
